// !$*UTF8*$!
{
	archiveVersion = 1;
	classes = {
	};
	objectVersion = 50;
	objects = {

/* Begin PBXBuildFile section */
		D716EFCB257DD94F001381EF /* main.swift in Sources */ = {isa = PBXBuildFile; fileRef = D716EFCA257DD94F001381EF /* main.swift */; };
		D716EFD5257E121F001381EF /* OperatorsNote.swift in Sources */ = {isa = PBXBuildFile; fileRef = D716EFD4257E121F001381EF /* OperatorsNote.swift */; };
		D716EFD9257E1294001381EF /* FirstSightForSwift.swift in Sources */ = {isa = PBXBuildFile; fileRef = D716EFD8257E1294001381EF /* FirstSightForSwift.swift */; };
		D716F502257F69FA001381EF /* StringNote.swift in Sources */ = {isa = PBXBuildFile; fileRef = D716F501257F69FA001381EF /* StringNote.swift */; };
		D716F87E257FA422001381EF /* CollectionNote.swift in Sources */ = {isa = PBXBuildFile; fileRef = D716F87D257FA422001381EF /* CollectionNote.swift */; };
/* End PBXBuildFile section */

/* Begin PBXCopyFilesBuildPhase section */
		D716EFC5257DD94F001381EF /* CopyFiles */ = {
			isa = PBXCopyFilesBuildPhase;
			buildActionMask = 2147483647;
			dstPath = /usr/share/man/man1/;
			dstSubfolderSpec = 0;
			files = (
			);
			runOnlyForDeploymentPostprocessing = 1;
		};
/* End PBXCopyFilesBuildPhase section */

/* Begin PBXFileReference section */
		D716EFC7257DD94F001381EF /* SwiftPracticeCode */ = {isa = PBXFileReference; explicitFileType = "compiled.mach-o.executable"; includeInIndex = 0; path = SwiftPracticeCode; sourceTree = BUILT_PRODUCTS_DIR; };
		D716EFCA257DD94F001381EF /* main.swift */ = {isa = PBXFileReference; lastKnownFileType = sourcecode.swift; path = main.swift; sourceTree = "<group>"; };
		D716EFD4257E121F001381EF /* OperatorsNote.swift */ = {isa = PBXFileReference; lastKnownFileType = sourcecode.swift; path = OperatorsNote.swift; sourceTree = "<group>"; };
		D716EFD8257E1294001381EF /* FirstSightForSwift.swift */ = {isa = PBXFileReference; lastKnownFileType = sourcecode.swift; path = FirstSightForSwift.swift; sourceTree = "<group>"; };
		D716F501257F69FA001381EF /* StringNote.swift */ = {isa = PBXFileReference; lastKnownFileType = sourcecode.swift; path = StringNote.swift; sourceTree = "<group>"; };
		D716F87D257FA422001381EF /* CollectionNote.swift */ = {isa = PBXFileReference; lastKnownFileType = sourcecode.swift; path = CollectionNote.swift; sourceTree = "<group>"; };
/* End PBXFileReference section */

/* Begin PBXFrameworksBuildPhase section */
		D716EFC4257DD94F001381EF /* Frameworks */ = {
			isa = PBXFrameworksBuildPhase;
			buildActionMask = 2147483647;
			files = (
			);
			runOnlyForDeploymentPostprocessing = 0;
		};
/* End PBXFrameworksBuildPhase section */

/* Begin PBXGroup section */
		D716EFBE257DD94F001381EF = {
			isa = PBXGroup;
			children = (
				D716EFC9257DD94F001381EF /* SwiftPracticeCode */,
				D716EFC8257DD94F001381EF /* Products */,
			);
			sourceTree = "<group>";
		};
		D716EFC8257DD94F001381EF /* Products */ = {
			isa = PBXGroup;
			children = (
				D716EFC7257DD94F001381EF /* SwiftPracticeCode */,
			);
			name = Products;
			sourceTree = "<group>";
		};
		D716EFC9257DD94F001381EF /* SwiftPracticeCode */ = {
			isa = PBXGroup;
			children = (
				D716EFCA257DD94F001381EF /* main.swift */,
				D716EFD8257E1294001381EF /* FirstSightForSwift.swift */,
				D716EFD4257E121F001381EF /* OperatorsNote.swift */,
				D716F501257F69FA001381EF /* StringNote.swift */,
				D716F87D257FA422001381EF /* CollectionNote.swift */,
			);
			path = SwiftPracticeCode;
			sourceTree = "<group>";
		};
/* End PBXGroup section */

/* Begin PBXNativeTarget section */
		D716EFC6257DD94F001381EF /* SwiftPracticeCode */ = {
			isa = PBXNativeTarget;
			buildConfigurationList = D716EFCE257DD94F001381EF /* Build configuration list for PBXNativeTarget "SwiftPracticeCode" */;
			buildPhases = (
				D716EFC3257DD94F001381EF /* Sources */,
				D716EFC4257DD94F001381EF /* Frameworks */,
				D716EFC5257DD94F001381EF /* CopyFiles */,
			);
			buildRules = (
			);
			dependencies = (
			);
			name = SwiftPracticeCode;
			productName = SwiftPracticeCode;
			productReference = D716EFC7257DD94F001381EF /* SwiftPracticeCode */;
			productType = "com.apple.product-type.tool";
		};
/* End PBXNativeTarget section */

/* Begin PBXProject section */
		D716EFBF257DD94F001381EF /* Project object */ = {
			isa = PBXProject;
			attributes = {
				LastSwiftUpdateCheck = 1210;
				LastUpgradeCheck = 1210;
				TargetAttributes = {
					D716EFC6257DD94F001381EF = {
						CreatedOnToolsVersion = 12.1;
					};
				};
			};
			buildConfigurationList = D716EFC2257DD94F001381EF /* Build configuration list for PBXProject "SwiftPracticeCode" */;
			compatibilityVersion = "Xcode 9.3";
			developmentRegion = en;
			hasScannedForEncodings = 0;
			knownRegions = (
				en,
				Base,
			);
			mainGroup = D716EFBE257DD94F001381EF;
			productRefGroup = D716EFC8257DD94F001381EF /* Products */;
			projectDirPath = "";
			projectRoot = "";
			targets = (
				D716EFC6257DD94F001381EF /* SwiftPracticeCode */,
			);
		};
/* End PBXProject section */

/* Begin PBXSourcesBuildPhase section */
		D716EFC3257DD94F001381EF /* Sources */ = {
			isa = PBXSourcesBuildPhase;
			buildActionMask = 2147483647;
			files = (
				D716F502257F69FA001381EF /* StringNote.swift in Sources */,
				D716EFCB257DD94F001381EF /* main.swift in Sources */,
				D716EFD9257E1294001381EF /* FirstSightForSwift.swift in Sources */,
				D716F87E257FA422001381EF /* CollectionNote.swift in Sources */,
				D716EFD5257E121F001381EF /* OperatorsNote.swift in Sources */,
			);
			runOnlyForDeploymentPostprocessing = 0;
		};
/* End PBXSourcesBuildPhase section */

/* Begin XCBuildConfiguration section */
		D716EFCC257DD94F001381EF /* Debug */ = {
			isa = XCBuildConfiguration;
			buildSettings = {
				ALWAYS_SEARCH_USER_PATHS = NO;
				CLANG_ANALYZER_NONNULL = YES;
				CLANG_ANALYZER_NUMBER_OBJECT_CONVERSION = YES_AGGRESSIVE;
				CLANG_CXX_LANGUAGE_STANDARD = "gnu++14";
				CLANG_CXX_LIBRARY = "libc++";
				CLANG_ENABLE_MODULES = YES;
				CLANG_ENABLE_OBJC_ARC = YES;
				CLANG_ENABLE_OBJC_WEAK = YES;
				CLANG_WARN_BLOCK_CAPTURE_AUTORELEASING = YES;
				CLANG_WARN_BOOL_CONVERSION = YES;
				CLANG_WARN_COMMA = YES;
				CLANG_WARN_CONSTANT_CONVERSION = YES;
				CLANG_WARN_DEPRECATED_OBJC_IMPLEMENTATIONS = YES;
				CLANG_WARN_DIRECT_OBJC_ISA_USAGE = YES_ERROR;
				CLANG_WARN_DOCUMENTATION_COMMENTS = YES;
				CLANG_WARN_EMPTY_BODY = YES;
				CLANG_WARN_ENUM_CONVERSION = YES;
				CLANG_WARN_INFINITE_RECURSION = YES;
				CLANG_WARN_INT_CONVERSION = YES;
				CLANG_WARN_NON_LITERAL_NULL_CONVERSION = YES;
				CLANG_WARN_OBJC_IMPLICIT_RETAIN_SELF = YES;
				CLANG_WARN_OBJC_LITERAL_CONVERSION = YES;
				CLANG_WARN_OBJC_ROOT_CLASS = YES_ERROR;
				CLANG_WARN_QUOTED_INCLUDE_IN_FRAMEWORK_HEADER = YES;
				CLANG_WARN_RANGE_LOOP_ANALYSIS = YES;
				CLANG_WARN_STRICT_PROTOTYPES = YES;
				CLANG_WARN_SUSPICIOUS_MOVE = YES;
				CLANG_WARN_UNGUARDED_AVAILABILITY = YES_AGGRESSIVE;
				CLANG_WARN_UNREACHABLE_CODE = YES;
				CLANG_WARN__DUPLICATE_METHOD_MATCH = YES;
				COPY_PHASE_STRIP = NO;
				DEBUG_INFORMATION_FORMAT = dwarf;
				ENABLE_STRICT_OBJC_MSGSEND = YES;
				ENABLE_TESTABILITY = YES;
				GCC_C_LANGUAGE_STANDARD = gnu11;
				GCC_DYNAMIC_NO_PIC = NO;
				GCC_NO_COMMON_BLOCKS = YES;
				GCC_OPTIMIZATION_LEVEL = 0;
				GCC_PREPROCESSOR_DEFINITIONS = (
					"DEBUG=1",
					"$(inherited)",
				);
				GCC_WARN_64_TO_32_BIT_CONVERSION = YES;
				GCC_WARN_ABOUT_RETURN_TYPE = YES_ERROR;
				GCC_WARN_UNDECLARED_SELECTOR = YES;
				GCC_WARN_UNINITIALIZED_AUTOS = YES_AGGRESSIVE;
				GCC_WARN_UNUSED_FUNCTION = YES;
				GCC_WARN_UNUSED_VARIABLE = YES;
				MACOSX_DEPLOYMENT_TARGET = 10.15;
				MTL_ENABLE_DEBUG_INFO = INCLUDE_SOURCE;
				MTL_FAST_MATH = YES;
				ONLY_ACTIVE_ARCH = YES;
				SDKROOT = macosx;
				SWIFT_ACTIVE_COMPILATION_CONDITIONS = DEBUG;
				SWIFT_OPTIMIZATION_LEVEL = "-Onone";
			};
			name = Debug;
		};
		D716EFCD257DD94F001381EF /* Release */ = {
			isa = XCBuildConfiguration;
			buildSettings = {
				ALWAYS_SEARCH_USER_PATHS = NO;
				CLANG_ANALYZER_NONNULL = YES;
				CLANG_ANALYZER_NUMBER_OBJECT_CONVERSION = YES_AGGRESSIVE;
				CLANG_CXX_LANGUAGE_STANDARD = "gnu++14";
				CLANG_CXX_LIBRARY = "libc++";
				CLANG_ENABLE_MODULES = YES;
				CLANG_ENABLE_OBJC_ARC = YES;
				CLANG_ENABLE_OBJC_WEAK = YES;
				CLANG_WARN_BLOCK_CAPTURE_AUTORELEASING = YES;
				CLANG_WARN_BOOL_CONVERSION = YES;
				CLANG_WARN_COMMA = YES;
				CLANG_WARN_CONSTANT_CONVERSION = YES;
				CLANG_WARN_DEPRECATED_OBJC_IMPLEMENTATIONS = YES;
				CLANG_WARN_DIRECT_OBJC_ISA_USAGE = YES_ERROR;
				CLANG_WARN_DOCUMENTATION_COMMENTS = YES;
				CLANG_WARN_EMPTY_BODY = YES;
				CLANG_WARN_ENUM_CONVERSION = YES;
				CLANG_WARN_INFINITE_RECURSION = YES;
				CLANG_WARN_INT_CONVERSION = YES;
				CLANG_WARN_NON_LITERAL_NULL_CONVERSION = YES;
				CLANG_WARN_OBJC_IMPLICIT_RETAIN_SELF = YES;
				CLANG_WARN_OBJC_LITERAL_CONVERSION = YES;
				CLANG_WARN_OBJC_ROOT_CLASS = YES_ERROR;
				CLANG_WARN_QUOTED_INCLUDE_IN_FRAMEWORK_HEADER = YES;
				CLANG_WARN_RANGE_LOOP_ANALYSIS = YES;
				CLANG_WARN_STRICT_PROTOTYPES = YES;
				CLANG_WARN_SUSPICIOUS_MOVE = YES;
				CLANG_WARN_UNGUARDED_AVAILABILITY = YES_AGGRESSIVE;
				CLANG_WARN_UNREACHABLE_CODE = YES;
				CLANG_WARN__DUPLICATE_METHOD_MATCH = YES;
				COPY_PHASE_STRIP = NO;
				DEBUG_INFORMATION_FORMAT = "dwarf-with-dsym";
				ENABLE_NS_ASSERTIONS = NO;
				ENABLE_STRICT_OBJC_MSGSEND = YES;
				GCC_C_LANGUAGE_STANDARD = gnu11;
				GCC_NO_COMMON_BLOCKS = YES;
				GCC_WARN_64_TO_32_BIT_CONVERSION = YES;
				GCC_WARN_ABOUT_RETURN_TYPE = YES_ERROR;
				GCC_WARN_UNDECLARED_SELECTOR = YES;
				GCC_WARN_UNINITIALIZED_AUTOS = YES_AGGRESSIVE;
				GCC_WARN_UNUSED_FUNCTION = YES;
				GCC_WARN_UNUSED_VARIABLE = YES;
				MACOSX_DEPLOYMENT_TARGET = 10.15;
				MTL_ENABLE_DEBUG_INFO = NO;
				MTL_FAST_MATH = YES;
				SDKROOT = macosx;
				SWIFT_COMPILATION_MODE = wholemodule;
				SWIFT_OPTIMIZATION_LEVEL = "-O";
			};
			name = Release;
		};
		D716EFCF257DD94F001381EF /* Debug */ = {
			isa = XCBuildConfiguration;
			buildSettings = {
				CODE_SIGN_STYLE = Automatic;
				PRODUCT_NAME = "$(TARGET_NAME)";
				SWIFT_VERSION = 5.0;
			};
			name = Debug;
		};
		D716EFD0257DD94F001381EF /* Release */ = {
			isa = XCBuildConfiguration;
			buildSettings = {
				CODE_SIGN_STYLE = Automatic;
				PRODUCT_NAME = "$(TARGET_NAME)";
				SWIFT_VERSION = 5.0;
			};
			name = Release;
		};
/* End XCBuildConfiguration section */

/* Begin XCConfigurationList section */
		D716EFC2257DD94F001381EF /* Build configuration list for PBXProject "SwiftPracticeCode" */ = {
			isa = XCConfigurationList;
			buildConfigurations = (
				D716EFCC257DD94F001381EF /* Debug */,
				D716EFCD257DD94F001381EF /* Release */,
			);
			defaultConfigurationIsVisible = 0;
			defaultConfigurationName = Release;
		};
		D716EFCE257DD94F001381EF /* Build configuration list for PBXNativeTarget "SwiftPracticeCode" */ = {
			isa = XCConfigurationList;
			buildConfigurations = (
				D716EFCF257DD94F001381EF /* Debug */,
				D716EFD0257DD94F001381EF /* Release */,
			);
			defaultConfigurationIsVisible = 0;
			defaultConfigurationName = Release;
		};
/* End XCConfigurationList section */
	};
	rootObject = D716EFBF257DD94F001381EF /* Project object */;
}
